// !$*UTF8*$!
{
	archiveVersion = 1;
	classes = {
	};
	objectVersion = 77;
	objects = {

/* Begin PBXBuildFile section */
		A63693022E795FEC00B8D592 /* app.icon in Resources */ = {isa = PBXBuildFile; fileRef = A63693012E795FEC00B8D592 /* app.icon */; };
		A63693042E7964FB00B8D592 /* ResponsiveArtworkView.swift in Sources */ = {isa = PBXBuildFile; fileRef = A63693032E7964FB00B8D592 /* ResponsiveArtworkView.swift */; };
		A647FF3D2E61FBF30000A431 /* WhisperKit in Frameworks */ = {isa = PBXBuildFile; productRef = A647FF3C2E61FBF30000A431 /* WhisperKit */; };
		A647FF3F2E61FBF30000A431 /* whisperkit-cli in Frameworks */ = {isa = PBXBuildFile; productRef = A647FF3E2E61FBF30000A431 /* whisperkit-cli */; };
/* End PBXBuildFile section */

/* Begin PBXContainerItemProxy section */
		A6837A9B2E53BC710053B246 /* PBXContainerItemProxy */ = {
			isa = PBXContainerItemProxy;
			containerPortal = A6837A832E53BC6F0053B246 /* Project object */;
			proxyType = 1;
			remoteGlobalIDString = A6837A8A2E53BC6F0053B246;
			remoteInfo = "PT Resources";
		};
		A6837AA52E53BC710053B246 /* PBXContainerItemProxy */ = {
			isa = PBXContainerItemProxy;
			containerPortal = A6837A832E53BC6F0053B246 /* Project object */;
			proxyType = 1;
			remoteGlobalIDString = A6837A8A2E53BC6F0053B246;
			remoteInfo = "PT Resources";
		};
/* End PBXContainerItemProxy section */

/* Begin PBXFileReference section */
		A63692FD2E795DE900B8D592 /* Secrets.xcconfig */ = {isa = PBXFileReference; lastKnownFileType = text.xcconfig; path = Secrets.xcconfig; sourceTree = "<group>"; };
		A63693012E795FEC00B8D592 /* app.icon */ = {isa = PBXFileReference; lastKnownFileType = folder.iconcomposer.icon; path = app.icon; sourceTree = "<group>"; };
		A63693032E7964FB00B8D592 /* ResponsiveArtworkView.swift */ = {isa = PBXFileReference; lastKnownFileType = sourcecode.swift; path = ResponsiveArtworkView.swift; sourceTree = "<group>"; };
		A6837A8B2E53BC6F0053B246 /* PT Resources.app */ = {isa = PBXFileReference; explicitFileType = wrapper.application; includeInIndex = 0; path = "PT Resources.app"; sourceTree = BUILT_PRODUCTS_DIR; };
		A6837A9A2E53BC710053B246 /* PT ResourcesTests.xctest */ = {isa = PBXFileReference; explicitFileType = wrapper.cfbundle; includeInIndex = 0; path = "PT ResourcesTests.xctest"; sourceTree = BUILT_PRODUCTS_DIR; };
		A6837AA42E53BC710053B246 /* PT ResourcesUITests.xctest */ = {isa = PBXFileReference; explicitFileType = wrapper.cfbundle; includeInIndex = 0; path = "PT ResourcesUITests.xctest"; sourceTree = BUILT_PRODUCTS_DIR; };
/* End PBXFileReference section */

/* Begin PBXFileSystemSynchronizedRootGroup section */
		A6837A8D2E53BC6F0053B246 /* PT Resources */ = {
			isa = PBXFileSystemSynchronizedRootGroup;
			path = "PT Resources";
			sourceTree = "<group>";
		};
		A6837A9D2E53BC710053B246 /* PT ResourcesTests */ = {
			isa = PBXFileSystemSynchronizedRootGroup;
			path = "PT ResourcesTests";
			sourceTree = "<group>";
		};
		A6837AA72E53BC710053B246 /* PT ResourcesUITests */ = {
			isa = PBXFileSystemSynchronizedRootGroup;
			path = "PT ResourcesUITests";
			sourceTree = "<group>";
		};
/* End PBXFileSystemSynchronizedRootGroup section */

/* Begin PBXFrameworksBuildPhase section */
		A6837A882E53BC6F0053B246 /* Frameworks */ = {
			isa = PBXFrameworksBuildPhase;
			buildActionMask = 2147483647;
			files = (
				A647FF3D2E61FBF30000A431 /* WhisperKit in Frameworks */,
				A647FF3F2E61FBF30000A431 /* whisperkit-cli in Frameworks */,
			);
			runOnlyForDeploymentPostprocessing = 0;
		};
		A6837A972E53BC710053B246 /* Frameworks */ = {
			isa = PBXFrameworksBuildPhase;
			buildActionMask = 2147483647;
			files = (
			);
			runOnlyForDeploymentPostprocessing = 0;
		};
		A6837AA12E53BC710053B246 /* Frameworks */ = {
			isa = PBXFrameworksBuildPhase;
			buildActionMask = 2147483647;
			files = (
			);
			runOnlyForDeploymentPostprocessing = 0;
		};
/* End PBXFrameworksBuildPhase section */

/* Begin PBXGroup section */
		A6837A822E53BC6F0053B246 = {
			isa = PBXGroup;
			children = (
				A63692FD2E795DE900B8D592 /* Secrets.xcconfig */,
				A6837A8D2E53BC6F0053B246 /* PT Resources */,
				A6837A9D2E53BC710053B246 /* PT ResourcesTests */,
				A6837AA72E53BC710053B246 /* PT ResourcesUITests */,
				A6837A8C2E53BC6F0053B246 /* Products */,
				A63693012E795FEC00B8D592 /* app.icon */,
				A63693032E7964FB00B8D592 /* ResponsiveArtworkView.swift */,
			);
			sourceTree = "<group>";
		};
		A6837A8C2E53BC6F0053B246 /* Products */ = {
			isa = PBXGroup;
			children = (
				A6837A8B2E53BC6F0053B246 /* PT Resources.app */,
				A6837A9A2E53BC710053B246 /* PT ResourcesTests.xctest */,
				A6837AA42E53BC710053B246 /* PT ResourcesUITests.xctest */,
			);
			name = Products;
			sourceTree = "<group>";
		};
/* End PBXGroup section */

/* Begin PBXNativeTarget section */
		A6837A8A2E53BC6F0053B246 /* PT Resources */ = {
			isa = PBXNativeTarget;
			buildConfigurationList = A6837AAE2E53BC710053B246 /* Build configuration list for PBXNativeTarget "PT Resources" */;
			buildPhases = (
				A6837A872E53BC6F0053B246 /* Sources */,
				A6837A882E53BC6F0053B246 /* Frameworks */,
				A6837A892E53BC6F0053B246 /* Resources */,
			);
			buildRules = (
			);
			dependencies = (
			);
			fileSystemSynchronizedGroups = (
				A6837A8D2E53BC6F0053B246 /* PT Resources */,
			);
			name = "PT Resources";
			packageProductDependencies = (
				A647FF3C2E61FBF30000A431 /* WhisperKit */,
				A647FF3E2E61FBF30000A431 /* whisperkit-cli */,
			);
			productName = "PT Resources";
			productReference = A6837A8B2E53BC6F0053B246 /* PT Resources.app */;
			productType = "com.apple.product-type.application";
		};
		A6837A992E53BC710053B246 /* PT ResourcesTests */ = {
			isa = PBXNativeTarget;
			buildConfigurationList = A6837AB12E53BC710053B246 /* Build configuration list for PBXNativeTarget "PT ResourcesTests" */;
			buildPhases = (
				A6837A962E53BC710053B246 /* Sources */,
				A6837A972E53BC710053B246 /* Frameworks */,
				A6837A982E53BC710053B246 /* Resources */,
			);
			buildRules = (
			);
			dependencies = (
				A6837A9C2E53BC710053B246 /* PBXTargetDependency */,
			);
			fileSystemSynchronizedGroups = (
				A6837A9D2E53BC710053B246 /* PT ResourcesTests */,
			);
			name = "PT ResourcesTests";
			packageProductDependencies = (
			);
			productName = "PT ResourcesTests";
			productReference = A6837A9A2E53BC710053B246 /* PT ResourcesTests.xctest */;
			productType = "com.apple.product-type.bundle.unit-test";
		};
		A6837AA32E53BC710053B246 /* PT ResourcesUITests */ = {
			isa = PBXNativeTarget;
			buildConfigurationList = A6837AB42E53BC710053B246 /* Build configuration list for PBXNativeTarget "PT ResourcesUITests" */;
			buildPhases = (
				A6837AA02E53BC710053B246 /* Sources */,
				A6837AA12E53BC710053B246 /* Frameworks */,
				A6837AA22E53BC710053B246 /* Resources */,
			);
			buildRules = (
			);
			dependencies = (
				A6837AA62E53BC710053B246 /* PBXTargetDependency */,
			);
			fileSystemSynchronizedGroups = (
				A6837AA72E53BC710053B246 /* PT ResourcesUITests */,
			);
			name = "PT ResourcesUITests";
			packageProductDependencies = (
			);
			productName = "PT ResourcesUITests";
			productReference = A6837AA42E53BC710053B246 /* PT ResourcesUITests.xctest */;
			productType = "com.apple.product-type.bundle.ui-testing";
		};
/* End PBXNativeTarget section */

/* Begin PBXProject section */
		A6837A832E53BC6F0053B246 /* Project object */ = {
			isa = PBXProject;
			attributes = {
				BuildIndependentTargetsInParallel = 1;
				LastSwiftUpdateCheck = 1640;
				LastUpgradeCheck = 1640;
				ORGANIZATIONNAME = "The Proclamation Trust";
				TargetAttributes = {
					A6837A8A2E53BC6F0053B246 = {
						CreatedOnToolsVersion = 16.4;
					};
					A6837A992E53BC710053B246 = {
						CreatedOnToolsVersion = 16.4;
						TestTargetID = A6837A8A2E53BC6F0053B246;
					};
					A6837AA32E53BC710053B246 = {
						CreatedOnToolsVersion = 16.4;
						TestTargetID = A6837A8A2E53BC6F0053B246;
					};
				};
			};
			buildConfigurationList = A6837A862E53BC6F0053B246 /* Build configuration list for PBXProject "PT Resources" */;
			developmentRegion = en;
			hasScannedForEncodings = 0;
			knownRegions = (
				en,
				Base,
			);
			mainGroup = A6837A822E53BC6F0053B246;
			minimizedProjectReferenceProxies = 1;
			packageReferences = (
				A647FF3B2E61FBF30000A431 /* XCRemoteSwiftPackageReference "WhisperKit" */,
			);
			preferredProjectObjectVersion = 77;
			productRefGroup = A6837A8C2E53BC6F0053B246 /* Products */;
			projectDirPath = "";
			projectRoot = "";
			targets = (
				A6837A8A2E53BC6F0053B246 /* PT Resources */,
				A6837A992E53BC710053B246 /* PT ResourcesTests */,
				A6837AA32E53BC710053B246 /* PT ResourcesUITests */,
			);
		};
/* End PBXProject section */

/* Begin PBXResourcesBuildPhase section */
		A6837A892E53BC6F0053B246 /* Resources */ = {
			isa = PBXResourcesBuildPhase;
			buildActionMask = 2147483647;
			files = (
				A63693022E795FEC00B8D592 /* app.icon in Resources */,
			);
			runOnlyForDeploymentPostprocessing = 0;
		};
		A6837A982E53BC710053B246 /* Resources */ = {
			isa = PBXResourcesBuildPhase;
			buildActionMask = 2147483647;
			files = (
			);
			runOnlyForDeploymentPostprocessing = 0;
		};
		A6837AA22E53BC710053B246 /* Resources */ = {
			isa = PBXResourcesBuildPhase;
			buildActionMask = 2147483647;
			files = (
			);
			runOnlyForDeploymentPostprocessing = 0;
		};
/* End PBXResourcesBuildPhase section */

/* Begin PBXSourcesBuildPhase section */
		A6837A872E53BC6F0053B246 /* Sources */ = {
			isa = PBXSourcesBuildPhase;
			buildActionMask = 2147483647;
			files = (
				A63693042E7964FB00B8D592 /* ResponsiveArtworkView.swift in Sources */,
			);
			runOnlyForDeploymentPostprocessing = 0;
		};
		A6837A962E53BC710053B246 /* Sources */ = {
			isa = PBXSourcesBuildPhase;
			buildActionMask = 2147483647;
			files = (
			);
			runOnlyForDeploymentPostprocessing = 0;
		};
		A6837AA02E53BC710053B246 /* Sources */ = {
			isa = PBXSourcesBuildPhase;
			buildActionMask = 2147483647;
			files = (
			);
			runOnlyForDeploymentPostprocessing = 0;
		};
/* End PBXSourcesBuildPhase section */

/* Begin PBXTargetDependency section */
		A6837A9C2E53BC710053B246 /* PBXTargetDependency */ = {
			isa = PBXTargetDependency;
			target = A6837A8A2E53BC6F0053B246 /* PT Resources */;
			targetProxy = A6837A9B2E53BC710053B246 /* PBXContainerItemProxy */;
		};
		A6837AA62E53BC710053B246 /* PBXTargetDependency */ = {
			isa = PBXTargetDependency;
			target = A6837A8A2E53BC6F0053B246 /* PT Resources */;
			targetProxy = A6837AA52E53BC710053B246 /* PBXContainerItemProxy */;
		};
/* End PBXTargetDependency section */

/* Begin XCBuildConfiguration section */
		A6837AAC2E53BC710053B246 /* Debug */ = {
			isa = XCBuildConfiguration;
			buildSettings = {
				ALWAYS_SEARCH_USER_PATHS = NO;
				ASSETCATALOG_COMPILER_GENERATE_SWIFT_ASSET_SYMBOL_EXTENSIONS = YES;
				CLANG_ANALYZER_NONNULL = YES;
				CLANG_ANALYZER_NUMBER_OBJECT_CONVERSION = YES_AGGRESSIVE;
				CLANG_CXX_LANGUAGE_STANDARD = "gnu++20";
				CLANG_ENABLE_MODULES = YES;
				CLANG_ENABLE_OBJC_ARC = YES;
				CLANG_ENABLE_OBJC_WEAK = YES;
				CLANG_WARN_BLOCK_CAPTURE_AUTORELEASING = YES;
				CLANG_WARN_BOOL_CONVERSION = YES;
				CLANG_WARN_COMMA = YES;
				CLANG_WARN_CONSTANT_CONVERSION = YES;
				CLANG_WARN_DEPRECATED_OBJC_IMPLEMENTATIONS = YES;
				CLANG_WARN_DIRECT_OBJC_ISA_USAGE = YES_ERROR;
				CLANG_WARN_DOCUMENTATION_COMMENTS = YES;
				CLANG_WARN_EMPTY_BODY = YES;
				CLANG_WARN_ENUM_CONVERSION = YES;
				CLANG_WARN_INFINITE_RECURSION = YES;
				CLANG_WARN_INT_CONVERSION = YES;
				CLANG_WARN_NON_LITERAL_NULL_CONVERSION = YES;
				CLANG_WARN_OBJC_IMPLICIT_RETAIN_SELF = YES;
				CLANG_WARN_OBJC_LITERAL_CONVERSION = YES;
				CLANG_WARN_OBJC_ROOT_CLASS = YES_ERROR;
				CLANG_WARN_QUOTED_INCLUDE_IN_FRAMEWORK_HEADER = YES;
				CLANG_WARN_RANGE_LOOP_ANALYSIS = YES;
				CLANG_WARN_STRICT_PROTOTYPES = YES;
				CLANG_WARN_SUSPICIOUS_MOVE = YES;
				CLANG_WARN_UNGUARDED_AVAILABILITY = YES_AGGRESSIVE;
				CLANG_WARN_UNREACHABLE_CODE = YES;
				CLANG_WARN__DUPLICATE_METHOD_MATCH = YES;
				COPY_PHASE_STRIP = NO;
				DEBUG_INFORMATION_FORMAT = dwarf;
				ENABLE_STRICT_OBJC_MSGSEND = YES;
				ENABLE_TESTABILITY = YES;
				ENABLE_USER_SCRIPT_SANDBOXING = YES;
				GCC_C_LANGUAGE_STANDARD = gnu17;
				GCC_DYNAMIC_NO_PIC = NO;
				GCC_NO_COMMON_BLOCKS = YES;
				GCC_OPTIMIZATION_LEVEL = 0;
				GCC_PREPROCESSOR_DEFINITIONS = (
					"DEBUG=1",
					"$(inherited)",
				);
				GCC_WARN_64_TO_32_BIT_CONVERSION = YES;
				GCC_WARN_ABOUT_RETURN_TYPE = YES_ERROR;
				GCC_WARN_UNDECLARED_SELECTOR = YES;
				GCC_WARN_UNINITIALIZED_AUTOS = YES_AGGRESSIVE;
				GCC_WARN_UNUSED_FUNCTION = YES;
				GCC_WARN_UNUSED_VARIABLE = YES;
				IPHONEOS_DEPLOYMENT_TARGET = 18.5;
				LOCALIZATION_PREFERS_STRING_CATALOGS = YES;
				MTL_ENABLE_DEBUG_INFO = INCLUDE_SOURCE;
				MTL_FAST_MATH = YES;
				ONLY_ACTIVE_ARCH = YES;
				SDKROOT = iphoneos;
				SWIFT_ACTIVE_COMPILATION_CONDITIONS = "DEBUG $(inherited)";
				SWIFT_OPTIMIZATION_LEVEL = "-Onone";
			};
			name = Debug;
		};
		A6837AAD2E53BC710053B246 /* Release */ = {
			isa = XCBuildConfiguration;
			buildSettings = {
				ALWAYS_SEARCH_USER_PATHS = NO;
				ASSETCATALOG_COMPILER_GENERATE_SWIFT_ASSET_SYMBOL_EXTENSIONS = YES;
				CLANG_ANALYZER_NONNULL = YES;
				CLANG_ANALYZER_NUMBER_OBJECT_CONVERSION = YES_AGGRESSIVE;
				CLANG_CXX_LANGUAGE_STANDARD = "gnu++20";
				CLANG_ENABLE_MODULES = YES;
				CLANG_ENABLE_OBJC_ARC = YES;
				CLANG_ENABLE_OBJC_WEAK = YES;
				CLANG_WARN_BLOCK_CAPTURE_AUTORELEASING = YES;
				CLANG_WARN_BOOL_CONVERSION = YES;
				CLANG_WARN_COMMA = YES;
				CLANG_WARN_CONSTANT_CONVERSION = YES;
				CLANG_WARN_DEPRECATED_OBJC_IMPLEMENTATIONS = YES;
				CLANG_WARN_DIRECT_OBJC_ISA_USAGE = YES_ERROR;
				CLANG_WARN_DOCUMENTATION_COMMENTS = YES;
				CLANG_WARN_EMPTY_BODY = YES;
				CLANG_WARN_ENUM_CONVERSION = YES;
				CLANG_WARN_INFINITE_RECURSION = YES;
				CLANG_WARN_INT_CONVERSION = YES;
				CLANG_WARN_NON_LITERAL_NULL_CONVERSION = YES;
				CLANG_WARN_OBJC_IMPLICIT_RETAIN_SELF = YES;
				CLANG_WARN_OBJC_LITERAL_CONVERSION = YES;
				CLANG_WARN_OBJC_ROOT_CLASS = YES_ERROR;
				CLANG_WARN_QUOTED_INCLUDE_IN_FRAMEWORK_HEADER = YES;
				CLANG_WARN_RANGE_LOOP_ANALYSIS = YES;
				CLANG_WARN_STRICT_PROTOTYPES = YES;
				CLANG_WARN_SUSPICIOUS_MOVE = YES;
				CLANG_WARN_UNGUARDED_AVAILABILITY = YES_AGGRESSIVE;
				CLANG_WARN_UNREACHABLE_CODE = YES;
				CLANG_WARN__DUPLICATE_METHOD_MATCH = YES;
				COPY_PHASE_STRIP = NO;
				DEBUG_INFORMATION_FORMAT = "dwarf-with-dsym";
				ENABLE_NS_ASSERTIONS = NO;
				ENABLE_STRICT_OBJC_MSGSEND = YES;
				ENABLE_USER_SCRIPT_SANDBOXING = YES;
				GCC_C_LANGUAGE_STANDARD = gnu17;
				GCC_NO_COMMON_BLOCKS = YES;
				GCC_WARN_64_TO_32_BIT_CONVERSION = YES;
				GCC_WARN_ABOUT_RETURN_TYPE = YES_ERROR;
				GCC_WARN_UNDECLARED_SELECTOR = YES;
				GCC_WARN_UNINITIALIZED_AUTOS = YES_AGGRESSIVE;
				GCC_WARN_UNUSED_FUNCTION = YES;
				GCC_WARN_UNUSED_VARIABLE = YES;
				IPHONEOS_DEPLOYMENT_TARGET = 18.5;
				LOCALIZATION_PREFERS_STRING_CATALOGS = YES;
				MTL_ENABLE_DEBUG_INFO = NO;
				MTL_FAST_MATH = YES;
				SDKROOT = iphoneos;
				SWIFT_COMPILATION_MODE = wholemodule;
				VALIDATE_PRODUCT = YES;
			};
			name = Release;
		};
		A6837AAF2E53BC710053B246 /* Debug */ = {
			isa = XCBuildConfiguration;
			buildSettings = {
				ASSETCATALOG_COMPILER_APPICON_NAME = app;
				ASSETCATALOG_COMPILER_GLOBAL_ACCENT_COLOR_NAME = AccentColor;
				ASSETCATALOG_COMPILER_INCLUDE_ALL_APPICON_ASSETS = NO;
				CODE_SIGN_STYLE = Automatic;
				CURRENT_PROJECT_VERSION = 1;
				DEVELOPMENT_TEAM = VM2G7FCJ7J;
				ENABLE_PREVIEWS = YES;
				GENERATE_INFOPLIST_FILE = YES;
				INFOPLIST_FILE = "PT-Resources-Info.plist";
				INFOPLIST_KEY_CFBundleDisplayName = ProcTrust;
				INFOPLIST_KEY_LSApplicationCategoryType = "public.app-category.reference";
				INFOPLIST_KEY_NSLocalNetworkUsageDescription = "This app streams audio content and downloads talks from the Proclamation Trust servers.";
				INFOPLIST_KEY_NSUserTrackingUsageDescription = "This app does not track users. This permission is requested to comply with iOS requirements.";
				INFOPLIST_KEY_UIAppFonts = "Agenda-One-Bold.ttf Agenda-One-Medium.ttf Fields-Display-Black.otf fields-display-medium.otf OptimaLTPro-BlackItalic.otf OptimaLTPro-Bold.otf OptimaLTPro-BoldItalic.otf OptimaLTPro-Italic.otf OptimaLTPro-Medium.otf OptimaLTPro-MediumItalic.otf OptimaLTPro-Roman.otf";
				INFOPLIST_KEY_UIApplicationSceneManifest_Generation = YES;
				INFOPLIST_KEY_UIApplicationSupportsIndirectInputEvents = YES;
				INFOPLIST_KEY_UIBackgroundModes = audio;
				INFOPLIST_KEY_UILaunchScreen_Generation = YES;
				INFOPLIST_KEY_UISupportedInterfaceOrientations_iPad = "UIInterfaceOrientationPortrait UIInterfaceOrientationPortraitUpsideDown UIInterfaceOrientationLandscapeLeft UIInterfaceOrientationLandscapeRight";
				INFOPLIST_KEY_UISupportedInterfaceOrientations_iPhone = "UIInterfaceOrientationPortrait UIInterfaceOrientationLandscapeLeft UIInterfaceOrientationLandscapeRight";
				LD_RUNPATH_SEARCH_PATHS = (
					"$(inherited)",
					"@executable_path/Frameworks",
				);
				MARKETING_VERSION = 1.0;
				PRODUCT_BUNDLE_IDENTIFIER = "uk.org.proctrust.PT-Resources";
				PRODUCT_NAME = "$(TARGET_NAME)";
				SWIFT_EMIT_LOC_STRINGS = YES;
				SWIFT_VERSION = 5.0;
				TARGETED_DEVICE_FAMILY = "1,2";
			};
			name = Debug;
		};
		A6837AB02E53BC710053B246 /* Release */ = {
			isa = XCBuildConfiguration;
			buildSettings = {
				ASSETCATALOG_COMPILER_APPICON_NAME = app;
				ASSETCATALOG_COMPILER_GLOBAL_ACCENT_COLOR_NAME = AccentColor;
				ASSETCATALOG_COMPILER_INCLUDE_ALL_APPICON_ASSETS = NO;
				CODE_SIGN_IDENTITY = "Apple Development";
				CODE_SIGN_STYLE = Automatic;
				CURRENT_PROJECT_VERSION = 1;
				DEVELOPMENT_TEAM = VM2G7FCJ7J;
				ENABLE_PREVIEWS = YES;
				GENERATE_INFOPLIST_FILE = YES;
				INFOPLIST_FILE = "PT-Resources-Info.plist";
				INFOPLIST_KEY_CFBundleDisplayName = ProcTrust;
				INFOPLIST_KEY_LSApplicationCategoryType = "public.app-category.reference";
				INFOPLIST_KEY_NSLocalNetworkUsageDescription = "This app streams audio content and downloads talks from the Proclamation Trust servers.";
				INFOPLIST_KEY_NSUserTrackingUsageDescription = "This app does not track users. This permission is requested to comply with iOS requirements.";
				INFOPLIST_KEY_UIAppFonts = "Agenda-One-Bold.ttf Agenda-One-Medium.ttf Fields-Display-Black.otf fields-display-medium.otf OptimaLTPro-BlackItalic.otf OptimaLTPro-Bold.otf OptimaLTPro-BoldItalic.otf OptimaLTPro-Italic.otf OptimaLTPro-Medium.otf OptimaLTPro-MediumItalic.otf OptimaLTPro-Roman.otf";
				INFOPLIST_KEY_UIApplicationSceneManifest_Generation = YES;
				INFOPLIST_KEY_UIApplicationSupportsIndirectInputEvents = YES;
				INFOPLIST_KEY_UIBackgroundModes = audio;
				INFOPLIST_KEY_UILaunchScreen_Generation = YES;
				INFOPLIST_KEY_UISupportedInterfaceOrientations_iPad = "UIInterfaceOrientationPortrait UIInterfaceOrientationPortraitUpsideDown UIInterfaceOrientationLandscapeLeft UIInterfaceOrientationLandscapeRight";
				INFOPLIST_KEY_UISupportedInterfaceOrientations_iPhone = "UIInterfaceOrientationPortrait UIInterfaceOrientationLandscapeLeft UIInterfaceOrientationLandscapeRight";
				LD_RUNPATH_SEARCH_PATHS = (
					"$(inherited)",
					"@executable_path/Frameworks",
				);
				MARKETING_VERSION = 1.0;
				PRODUCT_BUNDLE_IDENTIFIER = "uk.org.proctrust.PT-Resources";
				PRODUCT_NAME = "$(TARGET_NAME)";
				PROVISIONING_PROFILE_SPECIFIER = "";
				SWIFT_EMIT_LOC_STRINGS = YES;
				SWIFT_VERSION = 5.0;
				TARGETED_DEVICE_FAMILY = "1,2";
			};
			name = Release;
		};
		A6837AB22E53BC710053B246 /* Debug */ = {
			isa = XCBuildConfiguration;
			buildSettings = {
				BUNDLE_LOADER = "$(TEST_HOST)";
				CODE_SIGN_STYLE = Automatic;
				CURRENT_PROJECT_VERSION = 1;
				GENERATE_INFOPLIST_FILE = YES;
				IPHONEOS_DEPLOYMENT_TARGET = 18.5;
				MARKETING_VERSION = 1.0;
				PRODUCT_BUNDLE_IDENTIFIER = "uk.org.proctrust.PT-ResourcesTests";
				PRODUCT_NAME = "$(TARGET_NAME)";
				SWIFT_EMIT_LOC_STRINGS = NO;
				SWIFT_VERSION = 5.0;
				TARGETED_DEVICE_FAMILY = "1,2";
				TEST_HOST = "$(BUILT_PRODUCTS_DIR)/PT Resources.app/$(BUNDLE_EXECUTABLE_FOLDER_PATH)/PT Resources";
			};
			name = Debug;
		};
		A6837AB32E53BC710053B246 /* Release */ = {
			isa = XCBuildConfiguration;
			buildSettings = {
				BUNDLE_LOADER = "$(TEST_HOST)";
				CODE_SIGN_STYLE = Automatic;
				CURRENT_PROJECT_VERSION = 1;
				GENERATE_INFOPLIST_FILE = YES;
				IPHONEOS_DEPLOYMENT_TARGET = 18.5;
				MARKETING_VERSION = 1.0;
				PRODUCT_BUNDLE_IDENTIFIER = "uk.org.proctrust.PT-ResourcesTests";
				PRODUCT_NAME = "$(TARGET_NAME)";
				SWIFT_EMIT_LOC_STRINGS = NO;
				SWIFT_VERSION = 5.0;
				TARGETED_DEVICE_FAMILY = "1,2";
				TEST_HOST = "$(BUILT_PRODUCTS_DIR)/PT Resources.app/$(BUNDLE_EXECUTABLE_FOLDER_PATH)/PT Resources";
			};
			name = Release;
		};
		A6837AB52E53BC710053B246 /* Debug */ = {
			isa = XCBuildConfiguration;
			buildSettings = {
				CODE_SIGN_STYLE = Automatic;
				CURRENT_PROJECT_VERSION = 1;
				GENERATE_INFOPLIST_FILE = YES;
				MARKETING_VERSION = 1.0;
				PRODUCT_BUNDLE_IDENTIFIER = "uk.org.proctrust.PT-ResourcesUITests";
				PRODUCT_NAME = "$(TARGET_NAME)";
				SWIFT_EMIT_LOC_STRINGS = NO;
				SWIFT_VERSION = 5.0;
				TARGETED_DEVICE_FAMILY = "1,2";
				TEST_TARGET_NAME = "PT Resources";
			};
			name = Debug;
		};
		A6837AB62E53BC710053B246 /* Release */ = {
			isa = XCBuildConfiguration;
			buildSettings = {
				CODE_SIGN_STYLE = Automatic;
				CURRENT_PROJECT_VERSION = 1;
				GENERATE_INFOPLIST_FILE = YES;
				MARKETING_VERSION = 1.0;
				PRODUCT_BUNDLE_IDENTIFIER = "uk.org.proctrust.PT-ResourcesUITests";
				PRODUCT_NAME = "$(TARGET_NAME)";
				SWIFT_EMIT_LOC_STRINGS = NO;
				SWIFT_VERSION = 5.0;
				TARGETED_DEVICE_FAMILY = "1,2";
				TEST_TARGET_NAME = "PT Resources";
			};
			name = Release;
		};
/* End XCBuildConfiguration section */

/* Begin XCConfigurationList section */
		A6837A862E53BC6F0053B246 /* Build configuration list for PBXProject "PT Resources" */ = {
			isa = XCConfigurationList;
			buildConfigurations = (
				A6837AAC2E53BC710053B246 /* Debug */,
				A6837AAD2E53BC710053B246 /* Release */,
			);
			defaultConfigurationIsVisible = 0;
			defaultConfigurationName = Release;
		};
		A6837AAE2E53BC710053B246 /* Build configuration list for PBXNativeTarget "PT Resources" */ = {
			isa = XCConfigurationList;
			buildConfigurations = (
				A6837AAF2E53BC710053B246 /* Debug */,
				A6837AB02E53BC710053B246 /* Release */,
			);
			defaultConfigurationIsVisible = 0;
			defaultConfigurationName = Release;
		};
		A6837AB12E53BC710053B246 /* Build configuration list for PBXNativeTarget "PT ResourcesTests" */ = {
			isa = XCConfigurationList;
			buildConfigurations = (
				A6837AB22E53BC710053B246 /* Debug */,
				A6837AB32E53BC710053B246 /* Release */,
			);
			defaultConfigurationIsVisible = 0;
			defaultConfigurationName = Release;
		};
		A6837AB42E53BC710053B246 /* Build configuration list for PBXNativeTarget "PT ResourcesUITests" */ = {
			isa = XCConfigurationList;
			buildConfigurations = (
				A6837AB52E53BC710053B246 /* Debug */,
				A6837AB62E53BC710053B246 /* Release */,
			);
			defaultConfigurationIsVisible = 0;
			defaultConfigurationName = Release;
		};
/* End XCConfigurationList section */

/* Begin XCRemoteSwiftPackageReference section */
		A647FF3B2E61FBF30000A431 /* XCRemoteSwiftPackageReference "WhisperKit" */ = {
			isa = XCRemoteSwiftPackageReference;
			repositoryURL = "https://github.com/argmaxinc/WhisperKit.git";
			requirement = {
				branch = main;
				kind = branch;
			};
		};
/* End XCRemoteSwiftPackageReference section */

/* Begin XCSwiftPackageProductDependency section */
		A647FF3C2E61FBF30000A431 /* WhisperKit */ = {
			isa = XCSwiftPackageProductDependency;
			package = A647FF3B2E61FBF30000A431 /* XCRemoteSwiftPackageReference "WhisperKit" */;
			productName = WhisperKit;
		};
		A647FF3E2E61FBF30000A431 /* whisperkit-cli */ = {
			isa = XCSwiftPackageProductDependency;
			package = A647FF3B2E61FBF30000A431 /* XCRemoteSwiftPackageReference "WhisperKit" */;
			productName = "whisperkit-cli";
		};
/* End XCSwiftPackageProductDependency section */
	};
	rootObject = A6837A832E53BC6F0053B246 /* Project object */;
}
